
Microsoft Visual Studio Solution File, Format Version 12.00
# Visual Studio Version 17
VisualStudioVersion = 17.8.34330.188
MinimumVisualStudioVersion = 10.0.40219.1
Project("{9A19103F-16F7-4668-BE54-9A1E7A4F7556}") = "TechHive.Korobeynikov.TestApp.Server", "TechHive.Korobeynikov.TestApp.Server\TechHive.Korobeynikov.TestApp.Server.csproj", "{CA290774-ED0B-4F34-B0C3-ECF491F0C55F}"
EndProject
Project("{9A19103F-16F7-4668-BE54-9A1E7A4F7556}") = "TechHive.Korobeynikov.TestApp.MemoryCache", "TechHive.Korobeynikov.TestApp.MemoryCache\TechHive.Korobeynikov.TestApp.MemoryCache.csproj", "{1CAFB229-55BC-4DEB-8711-CB401FA3B305}"
EndProject
Project("{9A19103F-16F7-4668-BE54-9A1E7A4F7556}") = "TechHive.Korobeynikov.TestApp.BL", "TechHive.Korobeynikov.TestApp.BL\TechHive.Korobeynikov.TestApp.BL.csproj", "{5171427E-7419-4239-B36B-8EAC0ED620C3}"
EndProject
Project("{9A19103F-16F7-4668-BE54-9A1E7A4F7556}") = "TechHive.Korobeynikov.TestApp.Sqlite", "TechHive.Korobeynikov.TestApp.Sqlite\TechHive.Korobeynikov.TestApp.Sqlite.csproj", "{0C5E9145-C161-4282-A4C1-BAE1FB1DED69}"
EndProject
Project("{9A19103F-16F7-4668-BE54-9A1E7A4F7556}") = "TechHive.Korobeynikov.TestApp.Console", "TechHive.Korobeynikov.TestApp.Console\TechHive.Korobeynikov.TestApp.Console.csproj", "{780778DB-E8B9-4BBA-84B7-2400EA6F6937}"
EndProject
Project("{9A19103F-16F7-4668-BE54-9A1E7A4F7556}") = "TechHive.Korobeynikov.TestApp.Infrastructure", "TechHive.Korobeynikov.TestApp.Infrastructure\TechHive.Korobeynikov.TestApp.Infrastructure.csproj", "{BC6182EE-1861-40CE-9DAF-A47BBE5375E4}"
EndProject
Project("{9A19103F-16F7-4668-BE54-9A1E7A4F7556}") = "TechHive.Korobeynikov.TestApp.Models", "TechHive.Korobeynikov.TestApp.Models\TechHive.Korobeynikov.TestApp.Models.csproj", "{6EE18148-E730-4863-989F-5FE5006A5C2E}"
EndProject
Global
	GlobalSection(SolutionConfigurationPlatforms) = preSolution
		Debug|Any CPU = Debug|Any CPU
		Release|Any CPU = Release|Any CPU
	EndGlobalSection
	GlobalSection(ProjectConfigurationPlatforms) = postSolution
		{1CAFB229-55BC-4DEB-8711-CB401FA3B305}.Debug|Any CPU.ActiveCfg = Debug|Any CPU
		{1CAFB229-55BC-4DEB-8711-CB401FA3B305}.Debug|Any CPU.Build.0 = Debug|Any CPU
		{1CAFB229-55BC-4DEB-8711-CB401FA3B305}.Release|Any CPU.ActiveCfg = Release|Any CPU
		{1CAFB229-55BC-4DEB-8711-CB401FA3B305}.Release|Any CPU.Build.0 = Release|Any CPU
		{5171427E-7419-4239-B36B-8EAC0ED620C3}.Debug|Any CPU.ActiveCfg = Debug|Any CPU
		{5171427E-7419-4239-B36B-8EAC0ED620C3}.Debug|Any CPU.Build.0 = Debug|Any CPU
		{5171427E-7419-4239-B36B-8EAC0ED620C3}.Release|Any CPU.ActiveCfg = Release|Any CPU
		{5171427E-7419-4239-B36B-8EAC0ED620C3}.Release|Any CPU.Build.0 = Release|Any CPU
		{0C5E9145-C161-4282-A4C1-BAE1FB1DED69}.Debug|Any CPU.ActiveCfg = Debug|Any CPU
		{0C5E9145-C161-4282-A4C1-BAE1FB1DED69}.Debug|Any CPU.Build.0 = Debug|Any CPU
		{0C5E9145-C161-4282-A4C1-BAE1FB1DED69}.Release|Any CPU.ActiveCfg = Release|Any CPU
		{0C5E9145-C161-4282-A4C1-BAE1FB1DED69}.Release|Any CPU.Build.0 = Release|Any CPU
		{780778DB-E8B9-4BBA-84B7-2400EA6F6937}.Debug|Any CPU.ActiveCfg = Debug|Any CPU
		{780778DB-E8B9-4BBA-84B7-2400EA6F6937}.Debug|Any CPU.Build.0 = Debug|Any CPU
		{780778DB-E8B9-4BBA-84B7-2400EA6F6937}.Release|Any CPU.ActiveCfg = Release|Any CPU
		{780778DB-E8B9-4BBA-84B7-2400EA6F6937}.Release|Any CPU.Build.0 = Release|Any CPU
		{BC6182EE-1861-40CE-9DAF-A47BBE5375E4}.Debug|Any CPU.ActiveCfg = Debug|Any CPU
		{BC6182EE-1861-40CE-9DAF-A47BBE5375E4}.Debug|Any CPU.Build.0 = Debug|Any CPU
		{BC6182EE-1861-40CE-9DAF-A47BBE5375E4}.Release|Any CPU.ActiveCfg = Release|Any CPU
		{BC6182EE-1861-40CE-9DAF-A47BBE5375E4}.Release|Any CPU.Build.0 = Release|Any CPU
		{6EE18148-E730-4863-989F-5FE5006A5C2E}.Debug|Any CPU.ActiveCfg = Debug|Any CPU
		{6EE18148-E730-4863-989F-5FE5006A5C2E}.Debug|Any CPU.Build.0 = Debug|Any CPU
		{6EE18148-E730-4863-989F-5FE5006A5C2E}.Release|Any CPU.ActiveCfg = Release|Any CPU
		{6EE18148-E730-4863-989F-5FE5006A5C2E}.Release|Any CPU.Build.0 = Release|Any CPU
		{CA290774-ED0B-4F34-B0C3-ECF491F0C55F}.Debug|Any CPU.ActiveCfg = Debug|Any CPU
		{CA290774-ED0B-4F34-B0C3-ECF491F0C55F}.Debug|Any CPU.Build.0 = Debug|Any CPU
		{CA290774-ED0B-4F34-B0C3-ECF491F0C55F}.Release|Any CPU.ActiveCfg = Release|Any CPU
		{CA290774-ED0B-4F34-B0C3-ECF491F0C55F}.Release|Any CPU.Build.0 = Release|Any CPU
	EndGlobalSection
	GlobalSection(SolutionProperties) = preSolution
		HideSolutionNode = FALSE
	EndGlobalSection
	GlobalSection(ExtensibilityGlobals) = postSolution
		SolutionGuid = {E0CF25C0-C76F-4C03-BBF9-B5DE36E50769}
	EndGlobalSection
EndGlobal
